# This file is automatically @generated by Poetry 1.6.1 and should not be changed by hand.

[[package]]
name = "depthai"
version = "2.22.0.0"
description = "DepthAI Python Library"
optional = false
python-versions = ">=3.6"
files = [
    {file = "depthai-2.22.0.0-cp310-cp310-macosx_11_0_arm64.whl", hash = "sha256:d4f4e345f460bc004606ce3c2af5f60dc3d275acd875a63a363351b3bce29be7"},
    {file = "depthai-2.22.0.0-cp310-cp310-macosx_11_0_x86_64.whl", hash = "sha256:9d0ac325ea3cc941ab06b6eb43f7b1d4aee7793764ba6e29c33820063bdb149f"},
    {file = "depthai-2.22.0.0-cp310-cp310-manylinux_2_17_aarch64.manylinux2014_aarch64.whl", hash = "sha256:16cbff7c609b6c0e754f8e4b1ab62aa822e07f9347f3c8f289e9018bb37656ab"},
    {file = "depthai-2.22.0.0-cp310-cp310-manylinux_2_17_x86_64.manylinux2014_x86_64.whl", hash = "sha256:fe6858e6efbe4fe2b9c38d5444c3f58090ac8cab9dbc2db88fad097d7fb4db00"},
    {file = "depthai-2.22.0.0-cp310-cp310-win32.whl", hash = "sha256:f48bd4c7251fcdeeccf662e13031782b126b03ca5ad1838247e07af36d825982"},
    {file = "depthai-2.22.0.0-cp310-cp310-win_amd64.whl", hash = "sha256:a64f824408ba24390db4c7391024dfe5fb8e0813f99a47081889ad2d70a22f2b"},
    {file = "depthai-2.22.0.0-cp311-cp311-macosx_10_9_universal2.whl", hash = "sha256:9f6a862c1d19a78c405f4f713a22d456be6a8fee86a554015ea3ba407e89b5f0"},
    {file = "depthai-2.22.0.0-cp311-cp311-macosx_11_0_arm64.whl", hash = "sha256:1158d5d5a50d95ef99a9524701fc87535a0f6b27da76fc56571d090d67f1ae67"},
    {file = "depthai-2.22.0.0-cp311-cp311-manylinux_2_17_aarch64.manylinux2014_aarch64.whl", hash = "sha256:36c2f011a4da9325dfb9a4c15f8b71f0e4e45e2612be74880cf66c187e441836"},
    {file = "depthai-2.22.0.0-cp311-cp311-manylinux_2_17_x86_64.manylinux2014_x86_64.whl", hash = "sha256:df2ff4b4ea664ed8be0ff6852c3e13ae1eb5d08c998ebcba28b2e015579de2b3"},
    {file = "depthai-2.22.0.0-cp311-cp311-win32.whl", hash = "sha256:bd571432f873f6db55b5e107f86614e3971f9593b961e8c1ca17456f1d8e697a"},
    {file = "depthai-2.22.0.0-cp311-cp311-win_amd64.whl", hash = "sha256:238e3e83e96573673a63c165a5a0316e79f1610acd46c4c078bf2692271c96bb"},
    {file = "depthai-2.22.0.0-cp36-cp36m-macosx_10_14_x86_64.whl", hash = "sha256:59046082e1e71cf42e0d8f74233b17ebafa4826248c83c0badcda0b2414389bc"},
    {file = "depthai-2.22.0.0-cp36-cp36m-manylinux_2_17_aarch64.manylinux2014_aarch64.whl", hash = "sha256:65f1ef985dd818adf0b4600bf6fffc8363e2c00105b8af908cb2bb19ae8dfcef"},
    {file = "depthai-2.22.0.0-cp36-cp36m-manylinux_2_17_x86_64.manylinux2014_x86_64.whl", hash = "sha256:79193ea05e2b70b23712e716557e95f1636d3e3b82d50303dbee4f4117ec392c"},
    {file = "depthai-2.22.0.0-cp36-cp36m-win32.whl", hash = "sha256:ecbfd8dd8242bec9aebbfc499f5d736f1c31d53b0a177423bed7deb2af466bab"},
    {file = "depthai-2.22.0.0-cp36-cp36m-win_amd64.whl", hash = "sha256:fc7868aab5de1768f7d20a6b8a8ceb5e87796e0c91ce0d0582a2be19e85e7623"},
    {file = "depthai-2.22.0.0-cp37-cp37m-linux_armv6l.whl", hash = "sha256:d4a991154942ce8bab23b4be5ac69a953c46e980008431c3149a44adf37fc454"},
    {file = "depthai-2.22.0.0-cp37-cp37m-linux_armv7l.whl", hash = "sha256:82bcb83f831cb6c563e01fef3eefd745662a90e438f3e16ff277ae361a111d8f"},
    {file = "depthai-2.22.0.0-cp37-cp37m-macosx_10_15_x86_64.whl", hash = "sha256:3a38927d7208a53ae647dae4d077d02518fb359513ef73e670d6f8223fea6112"},
    {file = "depthai-2.22.0.0-cp37-cp37m-manylinux_2_17_aarch64.manylinux2014_aarch64.whl", hash = "sha256:7006cd716bfae2f289bbd82bac28e2eea9e36fa77e904488ff837b17f8b10a25"},
    {file = "depthai-2.22.0.0-cp37-cp37m-manylinux_2_17_x86_64.manylinux2014_x86_64.whl", hash = "sha256:bc1db0289424f3a2c0c27665de1bfb5b62e8439e91472fbc42dce378c86b5fce"},
    {file = "depthai-2.22.0.0-cp37-cp37m-win32.whl", hash = "sha256:ddfab7c263b57edcb5d9e8e099d63dab624570e7d830e5bc53d19df5fadbdc7a"},
    {file = "depthai-2.22.0.0-cp37-cp37m-win_amd64.whl", hash = "sha256:28df5ebf84b9a7647ffb2884d6862eef949edd09d5571e41bfbb72571e960880"},
    {file = "depthai-2.22.0.0-cp38-cp38-macosx_10_15_x86_64.whl", hash = "sha256:b07cf580c801190704032e5515e5e0f322f1b689337e477ff806604eb3a31f3f"},
    {file = "depthai-2.22.0.0-cp38-cp38-manylinux_2_17_aarch64.manylinux2014_aarch64.whl", hash = "sha256:178386f0f9a8fe9a50749abadb007b96a745f6eae64371ea42f1db69f65bb8cd"},
    {file = "depthai-2.22.0.0-cp38-cp38-manylinux_2_17_x86_64.manylinux2014_x86_64.whl", hash = "sha256:17cc8b8ecd3965e57a16c3a255f70e4494ff63f681947c2f29bcdbf17f349f93"},
    {file = "depthai-2.22.0.0-cp38-cp38-win32.whl", hash = "sha256:b88a46bd3a7080a83666160c8865c93b4a1fbb8f8f46622ed4eedc7895338577"},
    {file = "depthai-2.22.0.0-cp38-cp38-win_amd64.whl", hash = "sha256:0213e7ea9890160b2fe76ba146fb5afef75e494d952c77bbca1b2f983aba8bc1"},
    {file = "depthai-2.22.0.0-cp39-cp39-linux_armv6l.whl", hash = "sha256:30d8c090b7ac2a2bb6b8a2b19d34685faaf940e18ac1cbf902a33376e61e9980"},
    {file = "depthai-2.22.0.0-cp39-cp39-linux_armv7l.linux_armv6l.whl", hash = "sha256:9b0e4af884ab3c71db0efb06925aba7c7ff3b3fa2f9d766cf5cda2f88b4df465"},
    {file = "depthai-2.22.0.0-cp39-cp39-linux_armv7l.whl", hash = "sha256:b214ac2817b6a1a5a396dbd286c9c65e89bc904ed04ad7b7c547524f5d7566fa"},
    {file = "depthai-2.22.0.0-cp39-cp39-macosx_11_0_arm64.whl", hash = "sha256:db420ab72bd258d2a57dec361f65bbff502c780ca9397f372c01b6611b9b2370"},
    {file = "depthai-2.22.0.0-cp39-cp39-macosx_11_0_x86_64.whl", hash = "sha256:07ab40d6317b4ec050ac7c2d604ef910769c3b5e766a0ae30a4cf8c8d96c1981"},
    {file = "depthai-2.22.0.0-cp39-cp39-manylinux_2_17_aarch64.manylinux2014_aarch64.whl", hash = "sha256:848eeab9963358635e0e2e04042f6e4338d7554599eb5a18280a3c85e5740bdd"},
    {file = "depthai-2.22.0.0-cp39-cp39-manylinux_2_17_x86_64.manylinux2014_x86_64.whl", hash = "sha256:78ee0969e66c7383d2bbf16194ea5c00b6bbade27e6133f2d022982e2a6ff3e6"},
    {file = "depthai-2.22.0.0-cp39-cp39-win32.whl", hash = "sha256:0890e3a4d634e5e856887672726cb750e4b3757736ccba5b3077186c5b8e235a"},
    {file = "depthai-2.22.0.0-cp39-cp39-win_amd64.whl", hash = "sha256:5264b1f032bee18b566dd192a0f625c3f96e874473189b592fc47cb92ebe036c"},
    {file = "depthai-2.22.0.0.tar.gz", hash = "sha256:6dedcc441e3390341d1091f43f9d2fd657fece28de8e5bed32ee552daa170df3"},
]

[[package]]
name = "numpy"
version = "1.25.2"
description = "Fundamental package for array computing in Python"
optional = false
python-versions = ">=3.9"
files = [
    {file = "numpy-1.25.2-cp310-cp310-macosx_10_9_x86_64.whl", hash = "sha256:db3ccc4e37a6873045580d413fe79b68e47a681af8db2e046f1dacfa11f86eb3"},
    {file = "numpy-1.25.2-cp310-cp310-macosx_11_0_arm64.whl", hash = "sha256:90319e4f002795ccfc9050110bbbaa16c944b1c37c0baeea43c5fb881693ae1f"},
    {file = "numpy-1.25.2-cp310-cp310-manylinux_2_17_aarch64.manylinux2014_aarch64.whl", hash = "sha256:dfe4a913e29b418d096e696ddd422d8a5d13ffba4ea91f9f60440a3b759b0187"},
    {file = "numpy-1.25.2-cp310-cp310-manylinux_2_17_x86_64.manylinux2014_x86_64.whl", hash = "sha256:f08f2e037bba04e707eebf4bc934f1972a315c883a9e0ebfa8a7756eabf9e357"},
    {file = "numpy-1.25.2-cp310-cp310-musllinux_1_1_x86_64.whl", hash = "sha256:bec1e7213c7cb00d67093247f8c4db156fd03075f49876957dca4711306d39c9"},
    {file = "numpy-1.25.2-cp310-cp310-win32.whl", hash = "sha256:7dc869c0c75988e1c693d0e2d5b26034644399dd929bc049db55395b1379e044"},
    {file = "numpy-1.25.2-cp310-cp310-win_amd64.whl", hash = "sha256:834b386f2b8210dca38c71a6e0f4fd6922f7d3fcff935dbe3a570945acb1b545"},
    {file = "numpy-1.25.2-cp311-cp311-macosx_10_9_x86_64.whl", hash = "sha256:c5462d19336db4560041517dbb7759c21d181a67cb01b36ca109b2ae37d32418"},
    {file = "numpy-1.25.2-cp311-cp311-macosx_11_0_arm64.whl", hash = "sha256:c5652ea24d33585ea39eb6a6a15dac87a1206a692719ff45d53c5282e66d4a8f"},
    {file = "numpy-1.25.2-cp311-cp311-manylinux_2_17_aarch64.manylinux2014_aarch64.whl", hash = "sha256:0d60fbae8e0019865fc4784745814cff1c421df5afee233db6d88ab4f14655a2"},
    {file = "numpy-1.25.2-cp311-cp311-manylinux_2_17_x86_64.manylinux2014_x86_64.whl", hash = "sha256:60e7f0f7f6d0eee8364b9a6304c2845b9c491ac706048c7e8cf47b83123b8dbf"},
    {file = "numpy-1.25.2-cp311-cp311-musllinux_1_1_x86_64.whl", hash = "sha256:bb33d5a1cf360304754913a350edda36d5b8c5331a8237268c48f91253c3a364"},
    {file = "numpy-1.25.2-cp311-cp311-win32.whl", hash = "sha256:5883c06bb92f2e6c8181df7b39971a5fb436288db58b5a1c3967702d4278691d"},
    {file = "numpy-1.25.2-cp311-cp311-win_amd64.whl", hash = "sha256:5c97325a0ba6f9d041feb9390924614b60b99209a71a69c876f71052521d42a4"},
    {file = "numpy-1.25.2-cp39-cp39-macosx_10_9_x86_64.whl", hash = "sha256:b79e513d7aac42ae918db3ad1341a015488530d0bb2a6abcbdd10a3a829ccfd3"},
    {file = "numpy-1.25.2-cp39-cp39-macosx_11_0_arm64.whl", hash = "sha256:eb942bfb6f84df5ce05dbf4b46673ffed0d3da59f13635ea9b926af3deb76926"},
    {file = "numpy-1.25.2-cp39-cp39-manylinux_2_17_aarch64.manylinux2014_aarch64.whl", hash = "sha256:3e0746410e73384e70d286f93abf2520035250aad8c5714240b0492a7302fdca"},
    {file = "numpy-1.25.2-cp39-cp39-manylinux_2_17_x86_64.manylinux2014_x86_64.whl", hash = "sha256:d7806500e4f5bdd04095e849265e55de20d8cc4b661b038957354327f6d9b295"},
    {file = "numpy-1.25.2-cp39-cp39-musllinux_1_1_x86_64.whl", hash = "sha256:8b77775f4b7df768967a7c8b3567e309f617dd5e99aeb886fa14dc1a0791141f"},
    {file = "numpy-1.25.2-cp39-cp39-win32.whl", hash = "sha256:2792d23d62ec51e50ce4d4b7d73de8f67a2fd3ea710dcbc8563a51a03fb07b01"},
    {file = "numpy-1.25.2-cp39-cp39-win_amd64.whl", hash = "sha256:76b4115d42a7dfc5d485d358728cdd8719be33cc5ec6ec08632a5d6fca2ed380"},
    {file = "numpy-1.25.2-pp39-pypy39_pp73-macosx_10_9_x86_64.whl", hash = "sha256:1a1329e26f46230bf77b02cc19e900db9b52f398d6722ca853349a782d4cff55"},
    {file = "numpy-1.25.2-pp39-pypy39_pp73-manylinux_2_17_x86_64.manylinux2014_x86_64.whl", hash = "sha256:4c3abc71e8b6edba80a01a52e66d83c5d14433cbcd26a40c329ec7ed09f37901"},
    {file = "numpy-1.25.2-pp39-pypy39_pp73-win_amd64.whl", hash = "sha256:1b9735c27cea5d995496f46a8b1cd7b408b3f34b6d50459d9ac8fe3a20cc17bf"},
    {file = "numpy-1.25.2.tar.gz", hash = "sha256:fd608e19c8d7c55021dffd43bfe5492fab8cc105cc8986f813f8c3c048b38760"},
]

[[package]]
name = "numpy"
version = "1.26.0"
description = "Fundamental package for array computing in Python"
optional = false
python-versions = "<3.13,>=3.9"
files = [
    {file = "numpy-1.26.0-cp310-cp310-macosx_10_9_x86_64.whl", hash = "sha256:f8db2f125746e44dce707dd44d4f4efeea8d7e2b43aace3f8d1f235cfa2733dd"},
    {file = "numpy-1.26.0-cp310-cp310-macosx_11_0_arm64.whl", hash = "sha256:0621f7daf973d34d18b4e4bafb210bbaf1ef5e0100b5fa750bd9cde84c7ac292"},
    {file = "numpy-1.26.0-cp310-cp310-manylinux_2_17_aarch64.manylinux2014_aarch64.whl", hash = "sha256:51be5f8c349fdd1a5568e72713a21f518e7d6707bcf8503b528b88d33b57dc68"},
    {file = "numpy-1.26.0-cp310-cp310-manylinux_2_17_x86_64.manylinux2014_x86_64.whl", hash = "sha256:767254ad364991ccfc4d81b8152912e53e103ec192d1bb4ea6b1f5a7117040be"},
    {file = "numpy-1.26.0-cp310-cp310-musllinux_1_1_x86_64.whl", hash = "sha256:436c8e9a4bdeeee84e3e59614d38c3dbd3235838a877af8c211cfcac8a80b8d3"},
    {file = "numpy-1.26.0-cp310-cp310-win32.whl", hash = "sha256:c2e698cb0c6dda9372ea98a0344245ee65bdc1c9dd939cceed6bb91256837896"},
    {file = "numpy-1.26.0-cp310-cp310-win_amd64.whl", hash = "sha256:09aaee96c2cbdea95de76ecb8a586cb687d281c881f5f17bfc0fb7f5890f6b91"},
    {file = "numpy-1.26.0-cp311-cp311-macosx_10_9_x86_64.whl", hash = "sha256:637c58b468a69869258b8ae26f4a4c6ff8abffd4a8334c830ffb63e0feefe99a"},
    {file = "numpy-1.26.0-cp311-cp311-macosx_11_0_arm64.whl", hash = "sha256:306545e234503a24fe9ae95ebf84d25cba1fdc27db971aa2d9f1ab6bba19a9dd"},
    {file = "numpy-1.26.0-cp311-cp311-manylinux_2_17_aarch64.manylinux2014_aarch64.whl", hash = "sha256:8c6adc33561bd1d46f81131d5352348350fc23df4d742bb246cdfca606ea1208"},
    {file = "numpy-1.26.0-cp311-cp311-manylinux_2_17_x86_64.manylinux2014_x86_64.whl", hash = "sha256:e062aa24638bb5018b7841977c360d2f5917268d125c833a686b7cbabbec496c"},
    {file = "numpy-1.26.0-cp311-cp311-musllinux_1_1_x86_64.whl", hash = "sha256:546b7dd7e22f3c6861463bebb000646fa730e55df5ee4a0224408b5694cc6148"},
    {file = "numpy-1.26.0-cp311-cp311-win32.whl", hash = "sha256:c0b45c8b65b79337dee5134d038346d30e109e9e2e9d43464a2970e5c0e93229"},
    {file = "numpy-1.26.0-cp311-cp311-win_amd64.whl", hash = "sha256:eae430ecf5794cb7ae7fa3808740b015aa80747e5266153128ef055975a72b99"},
    {file = "numpy-1.26.0-cp312-cp312-macosx_10_9_x86_64.whl", hash = "sha256:166b36197e9debc4e384e9c652ba60c0bacc216d0fc89e78f973a9760b503388"},
    {file = "numpy-1.26.0-cp312-cp312-macosx_11_0_arm64.whl", hash = "sha256:f042f66d0b4ae6d48e70e28d487376204d3cbf43b84c03bac57e28dac6151581"},
    {file = "numpy-1.26.0-cp312-cp312-manylinux_2_17_aarch64.manylinux2014_aarch64.whl", hash = "sha256:e5e18e5b14a7560d8acf1c596688f4dfd19b4f2945b245a71e5af4ddb7422feb"},
    {file = "numpy-1.26.0-cp312-cp312-manylinux_2_17_x86_64.manylinux2014_x86_64.whl", hash = "sha256:7f6bad22a791226d0a5c7c27a80a20e11cfe09ad5ef9084d4d3fc4a299cca505"},
    {file = "numpy-1.26.0-cp312-cp312-musllinux_1_1_x86_64.whl", hash = "sha256:4acc65dd65da28060e206c8f27a573455ed724e6179941edb19f97e58161bb69"},
    {file = "numpy-1.26.0-cp312-cp312-win32.whl", hash = "sha256:bb0d9a1aaf5f1cb7967320e80690a1d7ff69f1d47ebc5a9bea013e3a21faec95"},
    {file = "numpy-1.26.0-cp312-cp312-win_amd64.whl", hash = "sha256:ee84ca3c58fe48b8ddafdeb1db87388dce2c3c3f701bf447b05e4cfcc3679112"},
    {file = "numpy-1.26.0-cp39-cp39-macosx_10_9_x86_64.whl", hash = "sha256:4a873a8180479bc829313e8d9798d5234dfacfc2e8a7ac188418189bb8eafbd2"},
    {file = "numpy-1.26.0-cp39-cp39-macosx_11_0_arm64.whl", hash = "sha256:914b28d3215e0c721dc75db3ad6d62f51f630cb0c277e6b3bcb39519bed10bd8"},
    {file = "numpy-1.26.0-cp39-cp39-manylinux_2_17_aarch64.manylinux2014_aarch64.whl", hash = "sha256:c78a22e95182fb2e7874712433eaa610478a3caf86f28c621708d35fa4fd6e7f"},
    {file = "numpy-1.26.0-cp39-cp39-manylinux_2_17_x86_64.manylinux2014_x86_64.whl", hash = "sha256:86f737708b366c36b76e953c46ba5827d8c27b7a8c9d0f471810728e5a2fe57c"},
    {file = "numpy-1.26.0-cp39-cp39-musllinux_1_1_x86_64.whl", hash = "sha256:b44e6a09afc12952a7d2a58ca0a2429ee0d49a4f89d83a0a11052da696440e49"},
    {file = "numpy-1.26.0-cp39-cp39-win32.whl", hash = "sha256:5671338034b820c8d58c81ad1dafc0ed5a00771a82fccc71d6438df00302094b"},
    {file = "numpy-1.26.0-cp39-cp39-win_amd64.whl", hash = "sha256:020cdbee66ed46b671429c7265cf00d8ac91c046901c55684954c3958525dab2"},
    {file = "numpy-1.26.0-pp39-pypy39_pp73-macosx_10_9_x86_64.whl", hash = "sha256:0792824ce2f7ea0c82ed2e4fecc29bb86bee0567a080dacaf2e0a01fe7654369"},
    {file = "numpy-1.26.0-pp39-pypy39_pp73-manylinux_2_17_x86_64.manylinux2014_x86_64.whl", hash = "sha256:7d484292eaeb3e84a51432a94f53578689ffdea3f90e10c8b203a99be5af57d8"},
    {file = "numpy-1.26.0-pp39-pypy39_pp73-win_amd64.whl", hash = "sha256:186ba67fad3c60dbe8a3abff3b67a91351100f2661c8e2a80364ae6279720299"},
    {file = "numpy-1.26.0.tar.gz", hash = "sha256:f93fc78fe8bf15afe2b8d6b6499f1c73953169fad1e9a8dd086cdff3190e7fdf"},
]

[[package]]
name = "opencv-python"
version = "4.8.1.78"
description = "Wrapper package for OpenCV python bindings."
optional = false
python-versions = ">=3.6"
files = [
    {file = "opencv-python-4.8.1.78.tar.gz", hash = "sha256:cc7adbbcd1112877a39274106cb2752e04984bc01a031162952e97450d6117f6"},
    {file = "opencv_python-4.8.1.78-cp37-abi3-macosx_10_16_x86_64.whl", hash = "sha256:91d5f6f5209dc2635d496f6b8ca6573ecdad051a09e6b5de4c399b8e673c60da"},
    {file = "opencv_python-4.8.1.78-cp37-abi3-macosx_11_0_arm64.whl", hash = "sha256:bc31f47e05447da8b3089faa0a07ffe80e114c91ce0b171e6424f9badbd1c5cd"},
    {file = "opencv_python-4.8.1.78-cp37-abi3-manylinux_2_17_aarch64.manylinux2014_aarch64.whl", hash = "sha256:9814beca408d3a0eca1bae7e3e5be68b07c17ecceb392b94170881216e09b319"},
    {file = "opencv_python-4.8.1.78-cp37-abi3-manylinux_2_17_x86_64.manylinux2014_x86_64.whl", hash = "sha256:c4c406bdb41eb21ea51b4e90dfbc989c002786c3f601c236a99c59a54670a394"},
    {file = "opencv_python-4.8.1.78-cp37-abi3-win32.whl", hash = "sha256:a7aac3900fbacf55b551e7b53626c3dad4c71ce85643645c43e91fcb19045e47"},
    {file = "opencv_python-4.8.1.78-cp37-abi3-win_amd64.whl", hash = "sha256:b983197f97cfa6fcb74e1da1802c7497a6f94ed561aba6980f1f33123f904956"},
]

[package.dependencies]
numpy = [
    {version = ">=1.23.5", markers = "python_version >= \"3.11\""},
    {version = ">=1.21.4", markers = "python_version >= \"3.10\" and platform_system == \"Darwin\" and python_version < \"3.11\""},
    {version = ">=1.21.2", markers = "platform_system != \"Darwin\" and python_version >= \"3.10\" and python_version < \"3.11\""},
]

[metadata]
lock-version = "2.0"
python-versions = "^3.10"
content-hash = "04764ea2520409379645c8a292d57ee0ae543618c9da0447d7db50cc09ee1ed7"
